
Microsoft Visual Studio Solution File, Format Version 12.00
# Visual Studio Version 17
VisualStudioVersion = 17.14.36429.23 d17.14
MinimumVisualStudioVersion = 10.0.40219.1
Project("{FAE04EC0-301F-11D3-BF4B-00C04F79EFBC}") = "ThingColor", "ThingColor.csproj", "{9BF1C183-6065-3AE1-492C-FDAA8BA4FED7}"
EndProject
Global
	GlobalSection(SolutionConfigurationPlatforms) = preSolution
		Debug|Any CPU = Debug|Any CPU
		Release|Any CPU = Release|Any CPU
	EndGlobalSection
	GlobalSection(ProjectConfigurationPlatforms) = postSolution
		{9BF1C183-6065-3AE1-492C-FDAA8BA4FED7}.Debug|Any CPU.ActiveCfg = Debug|Any CPU
		{9BF1C183-6065-3AE1-492C-FDAA8BA4FED7}.Debug|Any CPU.Build.0 = Debug|Any CPU
		{9BF1C183-6065-3AE1-492C-FDAA8BA4FED7}.Release|Any CPU.ActiveCfg = Release|Any CPU
		{9BF1C183-6065-3AE1-492C-FDAA8BA4FED7}.Release|Any CPU.Build.0 = Release|Any CPU
	EndGlobalSection
	GlobalSection(SolutionProperties) = preSolution
		HideSolutionNode = FALSE
	EndGlobalSection
	GlobalSection(ExtensibilityGlobals) = postSolution
		SolutionGuid = {383B10C2-C62B-4DA3-9825-A8EB66201602}
	EndGlobalSection
EndGlobal
